
Microsoft Visual Studio Solution File, Format Version 12.00
# Visual Studio 14
VisualStudioVersion = 14.0.25420.1
MinimumVisualStudioVersion = 10.0.40219.1
Project("{FAE04EC0-301F-11D3-BF4B-00C04F79EFBC}") = "FirstAspNetWebApi", "FirstAspNetWebApi\FirstAspNetWebApi.csproj", "{CBE43FE3-71F5-40F3-8D37-5A141DF24AB3}"
EndProject
Project("{FAE04EC0-301F-11D3-BF4B-00C04F79EFBC}") = "AspNetWebApiRouting.ActionBasedRouting", "AspNetWebApiRouting.ActionBasedRouting\AspNetWebApiRouting.ActionBasedRouting.csproj", "{63F2BAF2-C918-45B9-9158-31549BA85DB7}"
EndProject
Project("{FAE04EC0-301F-11D3-BF4B-00C04F79EFBC}") = "AspNetWebApiRouting.AttributeBasedRouting", "AspNetWebApiRouting.AttributeBasedRouting\AspNetWebApiRouting.AttributeBasedRouting.csproj", "{D522E0E9-B6D6-4DCB-811C-3BBEA1A0F2B8}"
EndProject
Project("{FAE04EC0-301F-11D3-BF4B-00C04F79EFBC}") = "AspNetWebApi.EfCRUD", "AspNetWebApi.EfCRUD\AspNetWebApi.EfCRUD.csproj", "{DEF78D9E-1F32-4964-8512-BA3169958DFB}"
EndProject
Project("{FAE04EC0-301F-11D3-BF4B-00C04F79EFBC}") = "AspNetWebApi.JqueryUse", "AspNetWebApi.JqueryUse\AspNetWebApi.JqueryUse.csproj", "{28C8A9D3-C5BD-4614-9338-46FB6F13E445}"
EndProject
Global
	GlobalSection(SolutionConfigurationPlatforms) = preSolution
		Debug|Any CPU = Debug|Any CPU
		Release|Any CPU = Release|Any CPU
	EndGlobalSection
	GlobalSection(ProjectConfigurationPlatforms) = postSolution
		{CBE43FE3-71F5-40F3-8D37-5A141DF24AB3}.Debug|Any CPU.ActiveCfg = Debug|Any CPU
		{CBE43FE3-71F5-40F3-8D37-5A141DF24AB3}.Debug|Any CPU.Build.0 = Debug|Any CPU
		{CBE43FE3-71F5-40F3-8D37-5A141DF24AB3}.Release|Any CPU.ActiveCfg = Release|Any CPU
		{CBE43FE3-71F5-40F3-8D37-5A141DF24AB3}.Release|Any CPU.Build.0 = Release|Any CPU
		{63F2BAF2-C918-45B9-9158-31549BA85DB7}.Debug|Any CPU.ActiveCfg = Debug|Any CPU
		{63F2BAF2-C918-45B9-9158-31549BA85DB7}.Debug|Any CPU.Build.0 = Debug|Any CPU
		{63F2BAF2-C918-45B9-9158-31549BA85DB7}.Release|Any CPU.ActiveCfg = Release|Any CPU
		{63F2BAF2-C918-45B9-9158-31549BA85DB7}.Release|Any CPU.Build.0 = Release|Any CPU
		{D522E0E9-B6D6-4DCB-811C-3BBEA1A0F2B8}.Debug|Any CPU.ActiveCfg = Debug|Any CPU
		{D522E0E9-B6D6-4DCB-811C-3BBEA1A0F2B8}.Debug|Any CPU.Build.0 = Debug|Any CPU
		{D522E0E9-B6D6-4DCB-811C-3BBEA1A0F2B8}.Release|Any CPU.ActiveCfg = Release|Any CPU
		{D522E0E9-B6D6-4DCB-811C-3BBEA1A0F2B8}.Release|Any CPU.Build.0 = Release|Any CPU
		{DEF78D9E-1F32-4964-8512-BA3169958DFB}.Debug|Any CPU.ActiveCfg = Debug|Any CPU
		{DEF78D9E-1F32-4964-8512-BA3169958DFB}.Debug|Any CPU.Build.0 = Debug|Any CPU
		{DEF78D9E-1F32-4964-8512-BA3169958DFB}.Release|Any CPU.ActiveCfg = Release|Any CPU
		{DEF78D9E-1F32-4964-8512-BA3169958DFB}.Release|Any CPU.Build.0 = Release|Any CPU
		{28C8A9D3-C5BD-4614-9338-46FB6F13E445}.Debug|Any CPU.ActiveCfg = Debug|Any CPU
		{28C8A9D3-C5BD-4614-9338-46FB6F13E445}.Debug|Any CPU.Build.0 = Debug|Any CPU
		{28C8A9D3-C5BD-4614-9338-46FB6F13E445}.Release|Any CPU.ActiveCfg = Release|Any CPU
		{28C8A9D3-C5BD-4614-9338-46FB6F13E445}.Release|Any CPU.Build.0 = Release|Any CPU
	EndGlobalSection
	GlobalSection(SolutionProperties) = preSolution
		HideSolutionNode = FALSE
	EndGlobalSection
EndGlobal
